
Microsoft Visual Studio Solution File, Format Version 12.00
# Visual Studio Version 17
VisualStudioVersion = 17.12.35707.178
MinimumVisualStudioVersion = 10.0.40219.1
Project("{FAE04EC0-301F-11D3-BF4B-00C04F79EFBC}") = "framestack", "framestack\framestack.csproj", "{1DF752A2-31F9-417D-8D6C-DF6C7B37B41C}"
EndProject
Project("{FAE04EC0-301F-11D3-BF4B-00C04F79EFBC}") = "framestackAPI", "framestackAPI\framestackAPI.csproj", "{FF1A1C0F-D148-4A81-89A6-ADCD6BF4EDDB}"
EndProject
Project("{2150E333-8FDC-42A3-9474-1A3956D46DE8}") = "Solution Items", "Solution Items", "{D49E206D-5537-431D-A0FF-18B690A6D018}"
	ProjectSection(SolutionItems) = preProject
		compose.yaml = compose.yaml
	EndProjectSection
EndProject
Global
	GlobalSection(SolutionConfigurationPlatforms) = preSolution
		Debug|Any CPU = Debug|Any CPU
		Release|Any CPU = Release|Any CPU
	EndGlobalSection
	GlobalSection(ProjectConfigurationPlatforms) = postSolution
		{1DF752A2-31F9-417D-8D6C-DF6C7B37B41C}.Debug|Any CPU.ActiveCfg = Debug|Any CPU
		{1DF752A2-31F9-417D-8D6C-DF6C7B37B41C}.Debug|Any CPU.Build.0 = Debug|Any CPU
		{1DF752A2-31F9-417D-8D6C-DF6C7B37B41C}.Debug|Any CPU.Deploy.0 = Debug|Any CPU
		{1DF752A2-31F9-417D-8D6C-DF6C7B37B41C}.Release|Any CPU.ActiveCfg = Release|Any CPU
		{1DF752A2-31F9-417D-8D6C-DF6C7B37B41C}.Release|Any CPU.Build.0 = Release|Any CPU
		{FF1A1C0F-D148-4A81-89A6-ADCD6BF4EDDB}.Debug|Any CPU.ActiveCfg = Debug|Any CPU
		{FF1A1C0F-D148-4A81-89A6-ADCD6BF4EDDB}.Debug|Any CPU.Build.0 = Debug|Any CPU
		{FF1A1C0F-D148-4A81-89A6-ADCD6BF4EDDB}.Release|Any CPU.ActiveCfg = Release|Any CPU
		{FF1A1C0F-D148-4A81-89A6-ADCD6BF4EDDB}.Release|Any CPU.Build.0 = Release|Any CPU
	EndGlobalSection
	GlobalSection(SolutionProperties) = preSolution
		HideSolutionNode = FALSE
	EndGlobalSection
EndGlobal
